
Microsoft Visual Studio Solution File, Format Version 12.00
# Visual Studio Version 17
VisualStudioVersion = 17.14.37027.9
MinimumVisualStudioVersion = 10.0.40219.1
Project("{FAE04EC0-301F-11D3-BF4B-00C04F79EFBC}") = "GravaAudioYoutube", "GravaAudioYoutube\GravaAudioYoutube.csproj", "{D953CB1A-4110-2F37-B39E-FBC24C58F954}"
EndProject
Global
	GlobalSection(SolutionConfigurationPlatforms) = preSolution
		Debug|Any CPU = Debug|Any CPU
		Release|Any CPU = Release|Any CPU
	EndGlobalSection
	GlobalSection(ProjectConfigurationPlatforms) = postSolution
		{D953CB1A-4110-2F37-B39E-FBC24C58F954}.Debug|Any CPU.ActiveCfg = Debug|Any CPU
		{D953CB1A-4110-2F37-B39E-FBC24C58F954}.Debug|Any CPU.Build.0 = Debug|Any CPU
		{D953CB1A-4110-2F37-B39E-FBC24C58F954}.Release|Any CPU.ActiveCfg = Release|Any CPU
		{D953CB1A-4110-2F37-B39E-FBC24C58F954}.Release|Any CPU.Build.0 = Release|Any CPU
	EndGlobalSection
	GlobalSection(SolutionProperties) = preSolution
		HideSolutionNode = FALSE
	EndGlobalSection
	GlobalSection(ExtensibilityGlobals) = postSolution
		SolutionGuid = {9B7BE57C-503F-41FC-8607-74937E3ECF3D}
	EndGlobalSection
EndGlobal
